
Microsoft Visual Studio Solution File, Format Version 12.00
# Visual Studio Version 16
VisualStudioVersion = 16.0.29123.88
MinimumVisualStudioVersion = 10.0.40219.1
Project("{FAE04EC0-301F-11D3-BF4B-00C04F79EFBC}") = "C샵1일차", "C샵1일차\C샵1일차.csproj", "{FD1FB887-D7CA-458F-A9AB-647E2B99FDC3}"
EndProject
Global
	GlobalSection(SolutionConfigurationPlatforms) = preSolution
		Debug|Any CPU = Debug|Any CPU
		Release|Any CPU = Release|Any CPU
	EndGlobalSection
	GlobalSection(ProjectConfigurationPlatforms) = postSolution
		{FD1FB887-D7CA-458F-A9AB-647E2B99FDC3}.Debug|Any CPU.ActiveCfg = Debug|Any CPU
		{FD1FB887-D7CA-458F-A9AB-647E2B99FDC3}.Debug|Any CPU.Build.0 = Debug|Any CPU
		{FD1FB887-D7CA-458F-A9AB-647E2B99FDC3}.Release|Any CPU.ActiveCfg = Release|Any CPU
		{FD1FB887-D7CA-458F-A9AB-647E2B99FDC3}.Release|Any CPU.Build.0 = Release|Any CPU
	EndGlobalSection
	GlobalSection(SolutionProperties) = preSolution
		HideSolutionNode = FALSE
	EndGlobalSection
	GlobalSection(ExtensibilityGlobals) = postSolution
		SolutionGuid = {E9382081-CE96-4548-994F-06CC2BD59172}
	EndGlobalSection
EndGlobal
