
Microsoft Visual Studio Solution File, Format Version 12.00
# Visual Studio Version 16
VisualStudioVersion = 16.0.30413.136
MinimumVisualStudioVersion = 10.0.40219.1
Project("{FAE04EC0-301F-11D3-BF4B-00C04F79EFBC}") = "Async", "Async\Async.csproj", "{65BD6EA3-CA4A-49AA-AAC8-E8E54021188E}"
EndProject
Global
	GlobalSection(SolutionConfigurationPlatforms) = preSolution
		Debug|Any CPU = Debug|Any CPU
		Release|Any CPU = Release|Any CPU
	EndGlobalSection
	GlobalSection(ProjectConfigurationPlatforms) = postSolution
		{65BD6EA3-CA4A-49AA-AAC8-E8E54021188E}.Debug|Any CPU.ActiveCfg = Debug|Any CPU
		{65BD6EA3-CA4A-49AA-AAC8-E8E54021188E}.Debug|Any CPU.Build.0 = Debug|Any CPU
		{65BD6EA3-CA4A-49AA-AAC8-E8E54021188E}.Release|Any CPU.ActiveCfg = Release|Any CPU
		{65BD6EA3-CA4A-49AA-AAC8-E8E54021188E}.Release|Any CPU.Build.0 = Release|Any CPU
	EndGlobalSection
	GlobalSection(SolutionProperties) = preSolution
		HideSolutionNode = FALSE
	EndGlobalSection
	GlobalSection(ExtensibilityGlobals) = postSolution
		SolutionGuid = {674F2299-FFE3-488F-91A3-0CA363386552}
	EndGlobalSection
EndGlobal
