
Microsoft Visual Studio Solution File, Format Version 12.00
# Visual Studio Version 16
VisualStudioVersion = 16.0.30503.244
MinimumVisualStudioVersion = 10.0.40219.1
Project("{FAE04EC0-301F-11D3-BF4B-00C04F79EFBC}") = "DatabaseView", "DatabaseView\DatabaseView.csproj", "{9DEAFC3E-8EC9-46F8-ADBC-F64D5FF8A229}"
EndProject
Global
	GlobalSection(SolutionConfigurationPlatforms) = preSolution
		Debug|Any CPU = Debug|Any CPU
		Release|Any CPU = Release|Any CPU
	EndGlobalSection
	GlobalSection(ProjectConfigurationPlatforms) = postSolution
		{9DEAFC3E-8EC9-46F8-ADBC-F64D5FF8A229}.Debug|Any CPU.ActiveCfg = Debug|Any CPU
		{9DEAFC3E-8EC9-46F8-ADBC-F64D5FF8A229}.Debug|Any CPU.Build.0 = Debug|Any CPU
		{9DEAFC3E-8EC9-46F8-ADBC-F64D5FF8A229}.Release|Any CPU.ActiveCfg = Release|Any CPU
		{9DEAFC3E-8EC9-46F8-ADBC-F64D5FF8A229}.Release|Any CPU.Build.0 = Release|Any CPU
	EndGlobalSection
	GlobalSection(SolutionProperties) = preSolution
		HideSolutionNode = FALSE
	EndGlobalSection
	GlobalSection(ExtensibilityGlobals) = postSolution
		SolutionGuid = {CFD5FDBD-CB4F-4E6C-837A-B93CA55D61E8}
	EndGlobalSection
EndGlobal
