
Microsoft Visual Studio Solution File, Format Version 12.00
# Visual Studio Version 16
VisualStudioVersion = 16.0.30503.244
MinimumVisualStudioVersion = 10.0.40219.1
Project("{FAE04EC0-301F-11D3-BF4B-00C04F79EFBC}") = "LoginApp", "LoginApp\LoginApp.csproj", "{B2AFF2F0-6793-43E6-9381-C95E17536F88}"
EndProject
Global
	GlobalSection(SolutionConfigurationPlatforms) = preSolution
		Debug|Any CPU = Debug|Any CPU
		Release|Any CPU = Release|Any CPU
	EndGlobalSection
	GlobalSection(ProjectConfigurationPlatforms) = postSolution
		{B2AFF2F0-6793-43E6-9381-C95E17536F88}.Debug|Any CPU.ActiveCfg = Debug|Any CPU
		{B2AFF2F0-6793-43E6-9381-C95E17536F88}.Debug|Any CPU.Build.0 = Debug|Any CPU
		{B2AFF2F0-6793-43E6-9381-C95E17536F88}.Release|Any CPU.ActiveCfg = Release|Any CPU
		{B2AFF2F0-6793-43E6-9381-C95E17536F88}.Release|Any CPU.Build.0 = Release|Any CPU
	EndGlobalSection
	GlobalSection(SolutionProperties) = preSolution
		HideSolutionNode = FALSE
	EndGlobalSection
	GlobalSection(ExtensibilityGlobals) = postSolution
		SolutionGuid = {E5840D94-EBE7-4984-9122-E6E8688C303F}
	EndGlobalSection
EndGlobal
