
Microsoft Visual Studio Solution File, Format Version 12.00
# Visual Studio Version 16
VisualStudioVersion = 16.0.30413.136
MinimumVisualStudioVersion = 10.0.40219.1
Project("{FAE04EC0-301F-11D3-BF4B-00C04F79EFBC}") = "BinaryFile", "BinaryFile\BinaryFile.csproj", "{F06C6FBC-2D8D-43F4-BB52-88AF4AEC0DC8}"
EndProject
Global
	GlobalSection(SolutionConfigurationPlatforms) = preSolution
		Debug|Any CPU = Debug|Any CPU
		Release|Any CPU = Release|Any CPU
	EndGlobalSection
	GlobalSection(ProjectConfigurationPlatforms) = postSolution
		{F06C6FBC-2D8D-43F4-BB52-88AF4AEC0DC8}.Debug|Any CPU.ActiveCfg = Debug|Any CPU
		{F06C6FBC-2D8D-43F4-BB52-88AF4AEC0DC8}.Debug|Any CPU.Build.0 = Debug|Any CPU
		{F06C6FBC-2D8D-43F4-BB52-88AF4AEC0DC8}.Release|Any CPU.ActiveCfg = Release|Any CPU
		{F06C6FBC-2D8D-43F4-BB52-88AF4AEC0DC8}.Release|Any CPU.Build.0 = Release|Any CPU
	EndGlobalSection
	GlobalSection(SolutionProperties) = preSolution
		HideSolutionNode = FALSE
	EndGlobalSection
	GlobalSection(ExtensibilityGlobals) = postSolution
		SolutionGuid = {2BABD34F-5F4C-4711-AD4C-F82F354D23CC}
	EndGlobalSection
EndGlobal
