
Microsoft Visual Studio Solution File, Format Version 12.00
# Visual Studio Version 16
VisualStudioVersion = 16.0.29123.88
MinimumVisualStudioVersion = 10.0.40219.1
Project("{FAE04EC0-301F-11D3-BF4B-00C04F79EFBC}") = "StringFormat", "StringFormat\StringFormat.csproj", "{F0C3EA4D-3B68-4A15-B704-FC28E5E5BCF4}"
EndProject
Global
	GlobalSection(SolutionConfigurationPlatforms) = preSolution
		Debug|Any CPU = Debug|Any CPU
		Release|Any CPU = Release|Any CPU
	EndGlobalSection
	GlobalSection(ProjectConfigurationPlatforms) = postSolution
		{F0C3EA4D-3B68-4A15-B704-FC28E5E5BCF4}.Debug|Any CPU.ActiveCfg = Debug|Any CPU
		{F0C3EA4D-3B68-4A15-B704-FC28E5E5BCF4}.Debug|Any CPU.Build.0 = Debug|Any CPU
		{F0C3EA4D-3B68-4A15-B704-FC28E5E5BCF4}.Release|Any CPU.ActiveCfg = Release|Any CPU
		{F0C3EA4D-3B68-4A15-B704-FC28E5E5BCF4}.Release|Any CPU.Build.0 = Release|Any CPU
	EndGlobalSection
	GlobalSection(SolutionProperties) = preSolution
		HideSolutionNode = FALSE
	EndGlobalSection
	GlobalSection(ExtensibilityGlobals) = postSolution
		SolutionGuid = {50D6118F-7CFF-4580-9FD8-A2A31BAF662C}
	EndGlobalSection
EndGlobal
