
Microsoft Visual Studio Solution File, Format Version 12.00
# Visual Studio Version 16
VisualStudioVersion = 16.0.30413.136
MinimumVisualStudioVersion = 10.0.40219.1
Project("{FAE04EC0-301F-11D3-BF4B-00C04F79EFBC}") = "AbstractClass", "AbstractClass\AbstractClass.csproj", "{118988E1-21A9-4E18-BC76-B19C1312FA2C}"
EndProject
Global
	GlobalSection(SolutionConfigurationPlatforms) = preSolution
		Debug|Any CPU = Debug|Any CPU
		Release|Any CPU = Release|Any CPU
	EndGlobalSection
	GlobalSection(ProjectConfigurationPlatforms) = postSolution
		{118988E1-21A9-4E18-BC76-B19C1312FA2C}.Debug|Any CPU.ActiveCfg = Debug|Any CPU
		{118988E1-21A9-4E18-BC76-B19C1312FA2C}.Debug|Any CPU.Build.0 = Debug|Any CPU
		{118988E1-21A9-4E18-BC76-B19C1312FA2C}.Release|Any CPU.ActiveCfg = Release|Any CPU
		{118988E1-21A9-4E18-BC76-B19C1312FA2C}.Release|Any CPU.Build.0 = Release|Any CPU
	EndGlobalSection
	GlobalSection(SolutionProperties) = preSolution
		HideSolutionNode = FALSE
	EndGlobalSection
	GlobalSection(ExtensibilityGlobals) = postSolution
		SolutionGuid = {CCD1542E-238C-4EF2-B987-8E48A79A7361}
	EndGlobalSection
EndGlobal
